// !$*UTF8*$!
{
	archiveVersion = 1;
	classes = {
	};
	objectVersion = 46;
	objects = {

/* Begin PBXBuildFile section */
		CB01BBFB1CED808700378CF8 /* AppDelegate.swift in Sources */ = {isa = PBXBuildFile; fileRef = CB01BBFA1CED808700378CF8 /* AppDelegate.swift */; };
		CB01BBFD1CED808700378CF8 /* ViewController.swift in Sources */ = {isa = PBXBuildFile; fileRef = CB01BBFC1CED808700378CF8 /* ViewController.swift */; };
		CB01BC001CED808700378CF8 /* Main.storyboard in Resources */ = {isa = PBXBuildFile; fileRef = CB01BBFE1CED808700378CF8 /* Main.storyboard */; };
		CB01BC021CED808700378CF8 /* Assets.xcassets in Resources */ = {isa = PBXBuildFile; fileRef = CB01BC011CED808700378CF8 /* Assets.xcassets */; };
		CB01BC051CED808700378CF8 /* LaunchScreen.storyboard in Resources */ = {isa = PBXBuildFile; fileRef = CB01BC031CED808700378CF8 /* LaunchScreen.storyboard */; };
/* End PBXBuildFile section */

/* Begin PBXFileReference section */
		CB01BBF71CED808700378CF8 /* stratos2.app */ = {isa = PBXFileReference; explicitFileType = wrapper.application; includeInIndex = 0; path = stratos2.app; sourceTree = BUILT_PRODUCTS_DIR; };
		CB01BBFA1CED808700378CF8 /* AppDelegate.swift */ = {isa = PBXFileReference; lastKnownFileType = sourcecode.swift; path = AppDelegate.swift; sourceTree = "<group>"; };
		CB01BBFC1CED808700378CF8 /* ViewController.swift */ = {isa = PBXFileReference; lastKnownFileType = sourcecode.swift; path = ViewController.swift; sourceTree = "<group>"; };
		CB01BBFF1CED808700378CF8 /* Base */ = {isa = PBXFileReference; lastKnownFileType = file.storyboard; name = Base; path = Base.lproj/Main.storyboard; sourceTree = "<group>"; };
		CB01BC011CED808700378CF8 /* Assets.xcassets */ = {isa = PBXFileReference; lastKnownFileType = folder.assetcatalog; path = Assets.xcassets; sourceTree = "<group>"; };
		CB01BC041CED808700378CF8 /* Base */ = {isa = PBXFileReference; lastKnownFileType = file.storyboard; name = Base; path = Base.lproj/LaunchScreen.storyboard; sourceTree = "<group>"; };
		CB01BC061CED808700378CF8 /* Info.plist */ = {isa = PBXFileReference; lastKnownFileType = text.plist.xml; path = Info.plist; sourceTree = "<group>"; };
/* End PBXFileReference section */

/* Begin PBXFrameworksBuildPhase section */
		CB01BBF41CED808700378CF8 /* Frameworks */ = {
			isa = PBXFrameworksBuildPhase;
			buildActionMask = 2147483647;
			files = (
			);
			runOnlyForDeploymentPostprocessing = 0;
		};
/* End PBXFrameworksBuildPhase section */

/* Begin PBXGroup section */
		CB01BBEE1CED808700378CF8 = {
			isa = PBXGroup;
			children = (
				CB01BBF91CED808700378CF8 /* stratos2 */,
				CB01BBF81CED808700378CF8 /* Products */,
			);
			sourceTree = "<group>";
		};
		CB01BBF81CED808700378CF8 /* Products */ = {
			isa = PBXGroup;
			children = (
				CB01BBF71CED808700378CF8 /* stratos2.app */,
			);
			name = Products;
			sourceTree = "<group>";
		};
		CB01BBF91CED808700378CF8 /* stratos2 */ = {
			isa = PBXGroup;
			children = (
				CB01BBFA1CED808700378CF8 /* AppDelegate.swift */,
				CB01BBFC1CED808700378CF8 /* ViewController.swift */,
				CB01BBFE1CED808700378CF8 /* Main.storyboard */,
				CB01BC011CED808700378CF8 /* Assets.xcassets */,
				CB01BC031CED808700378CF8 /* LaunchScreen.storyboard */,
				CB01BC061CED808700378CF8 /* Info.plist */,
			);
			path = stratos2;
			sourceTree = "<group>";
		};
/* End PBXGroup section */

/* Begin PBXNativeTarget section */
		CB01BBF61CED808700378CF8 /* stratos2 */ = {
			isa = PBXNativeTarget;
			buildConfigurationList = CB01BC091CED808700378CF8 /* Build configuration list for PBXNativeTarget "stratos2" */;
			buildPhases = (
				CB01BBF31CED808700378CF8 /* Sources */,
				CB01BBF41CED808700378CF8 /* Frameworks */,
				CB01BBF51CED808700378CF8 /* Resources */,
			);
			buildRules = (
			);
			dependencies = (
			);
			name = stratos2;
			productName = stratos2;
			productReference = CB01BBF71CED808700378CF8 /* stratos2.app */;
			productType = "com.apple.product-type.application";
		};
/* End PBXNativeTarget section */

/* Begin PBXProject section */
		CB01BBEF1CED808700378CF8 /* Project object */ = {
			isa = PBXProject;
			attributes = {
				LastSwiftUpdateCheck = 0730;
				LastUpgradeCheck = 0730;
				ORGANIZATIONNAME = "Aaron Pendland";
				TargetAttributes = {
					CB01BBF61CED808700378CF8 = {
						CreatedOnToolsVersion = 7.3.1;
					};
				};
			};
			buildConfigurationList = CB01BBF21CED808700378CF8 /* Build configuration list for PBXProject "stratos2" */;
			compatibilityVersion = "Xcode 3.2";
			developmentRegion = English;
			hasScannedForEncodings = 0;
			knownRegions = (
				en,
				Base,
			);
			mainGroup = CB01BBEE1CED808700378CF8;
			productRefGroup = CB01BBF81CED808700378CF8 /* Products */;
			projectDirPath = "";
			projectRoot = "";
			targets = (
				CB01BBF61CED808700378CF8 /* stratos2 */,
			);
		};
/* End PBXProject section */

/* Begin PBXResourcesBuildPhase section */
		CB01BBF51CED808700378CF8 /* Resources */ = {
			isa = PBXResourcesBuildPhase;
			buildActionMask = 2147483647;
			files = (
				CB01BC051CED808700378CF8 /* LaunchScreen.storyboard in Resources */,
				CB01BC021CED808700378CF8 /* Assets.xcassets in Resources */,
				CB01BC001CED808700378CF8 /* Main.storyboard in Resources */,
			);
			runOnlyForDeploymentPostprocessing = 0;
		};
/* End PBXResourcesBuildPhase section */

/* Begin PBXSourcesBuildPhase section */
		CB01BBF31CED808700378CF8 /* Sources */ = {
			isa = PBXSourcesBuildPhase;
			buildActionMask = 2147483647;
			files = (
				CB01BBFD1CED808700378CF8 /* ViewController.swift in Sources */,
				CB01BBFB1CED808700378CF8 /* AppDelegate.swift in Sources */,
			);
			runOnlyForDeploymentPostprocessing = 0;
		};
/* End PBXSourcesBuildPhase section */

/* Begin PBXVariantGroup section */
		CB01BBFE1CED808700378CF8 /* Main.storyboard */ = {
			isa = PBXVariantGroup;
			children = (
				CB01BBFF1CED808700378CF8 /* Base */,
			);
			name = Main.storyboard;
			sourceTree = "<group>";
		};
		CB01BC031CED808700378CF8 /* LaunchScreen.storyboard */ = {
			isa = PBXVariantGroup;
			children = (
				CB01BC041CED808700378CF8 /* Base */,
			);
			name = LaunchScreen.storyboard;
			sourceTree = "<group>";
		};
/* End PBXVariantGroup section */

/* Begin XCBuildConfiguration section */
		CB01BC071CED808700378CF8 /* Debug */ = {
			isa = XCBuildConfiguration;
			buildSettings = {
				ALWAYS_SEARCH_USER_PATHS = NO;
				CLANG_ANALYZER_NONNULL = YES;
				CLANG_CXX_LANGUAGE_STANDARD = "gnu++0x";
				CLANG_CXX_LIBRARY = "libc++";
				CLANG_ENABLE_MODULES = YES;
				CLANG_ENABLE_OBJC_ARC = YES;
				CLANG_WARN_BOOL_CONVERSION = YES;
				CLANG_WARN_CONSTANT_CONVERSION = YES;
				CLANG_WARN_DIRECT_OBJC_ISA_USAGE = YES_ERROR;
				CLANG_WARN_EMPTY_BODY = YES;
				CLANG_WARN_ENUM_CONVERSION = YES;
				CLANG_WARN_INT_CONVERSION = YES;
				CLANG_WARN_OBJC_ROOT_CLASS = YES_ERROR;
				CLANG_WARN_UNREACHABLE_CODE = YES;
				CLANG_WARN__DUPLICATE_METHOD_MATCH = YES;
				"CODE_SIGN_IDENTITY[sdk=iphoneos*]" = "iPhone Developer";
				COPY_PHASE_STRIP = NO;
				DEBUG_INFORMATION_FORMAT = dwarf;
				ENABLE_STRICT_OBJC_MSGSEND = YES;
				ENABLE_TESTABILITY = YES;
				GCC_C_LANGUAGE_STANDARD = gnu99;
				GCC_DYNAMIC_NO_PIC = NO;
				GCC_NO_COMMON_BLOCKS = YES;
				GCC_OPTIMIZATION_LEVEL = 0;
				GCC_PREPROCESSOR_DEFINITIONS = (
					"DEBUG=1",
					"$(inherited)",
				);
				GCC_WARN_64_TO_32_BIT_CONVERSION = YES;
				GCC_WARN_ABOUT_RETURN_TYPE = YES_ERROR;
				GCC_WARN_UNDECLARED_SELECTOR = YES;
				GCC_WARN_UNINITIALIZED_AUTOS = YES_AGGRESSIVE;
				GCC_WARN_UNUSED_FUNCTION = YES;
				GCC_WARN_UNUSED_VARIABLE = YES;
				IPHONEOS_DEPLOYMENT_TARGET = 9.3;
				MTL_ENABLE_DEBUG_INFO = YES;
				ONLY_ACTIVE_ARCH = YES;
				SDKROOT = iphoneos;
				SWIFT_OPTIMIZATION_LEVEL = "-Onone";
			};
			name = Debug;
		};
		CB01BC081CED808700378CF8 /* Release */ = {
			isa = XCBuildConfiguration;
			buildSettings = {
				ALWAYS_SEARCH_USER_PATHS = NO;
				CLANG_ANALYZER_NONNULL = YES;
				CLANG_CXX_LANGUAGE_STANDARD = "gnu++0x";
				CLANG_CXX_LIBRARY = "libc++";
				CLANG_ENABLE_MODULES = YES;
				CLANG_ENABLE_OBJC_ARC = YES;
				CLANG_WARN_BOOL_CONVERSION = YES;
				CLANG_WARN_CONSTANT_CONVERSION = YES;
				CLANG_WARN_DIRECT_OBJC_ISA_USAGE = YES_ERROR;
				CLANG_WARN_EMPTY_BODY = YES;
				CLANG_WARN_ENUM_CONVERSION = YES;
				CLANG_WARN_INT_CONVERSION = YES;
				CLANG_WARN_OBJC_ROOT_CLASS = YES_ERROR;
				CLANG_WARN_UNREACHABLE_CODE = YES;
				CLANG_WARN__DUPLICATE_METHOD_MATCH = YES;
				"CODE_SIGN_IDENTITY[sdk=iphoneos*]" = "iPhone Developer";
				COPY_PHASE_STRIP = NO;
				DEBUG_INFORMATION_FORMAT = "dwarf-with-dsym";
				ENABLE_NS_ASSERTIONS = NO;
				ENABLE_STRICT_OBJC_MSGSEND = YES;
				GCC_C_LANGUAGE_STANDARD = gnu99;
				GCC_NO_COMMON_BLOCKS = YES;
				GCC_WARN_64_TO_32_BIT_CONVERSION = YES;
				GCC_WARN_ABOUT_RETURN_TYPE = YES_ERROR;
				GCC_WARN_UNDECLARED_SELECTOR = YES;
				GCC_WARN_UNINITIALIZED_AUTOS = YES_AGGRESSIVE;
				GCC_WARN_UNUSED_FUNCTION = YES;
				GCC_WARN_UNUSED_VARIABLE = YES;
				IPHONEOS_DEPLOYMENT_TARGET = 9.3;
				MTL_ENABLE_DEBUG_INFO = NO;
				SDKROOT = iphoneos;
				VALIDATE_PRODUCT = YES;
			};
			name = Release;
		};
		CB01BC0A1CED808700378CF8 /* Debug */ = {
			isa = XCBuildConfiguration;
			buildSettings = {
				ASSETCATALOG_COMPILER_APPICON_NAME = AppIcon;
				INFOPLIST_FILE = stratos2/Info.plist;
				LD_RUNPATH_SEARCH_PATHS = "$(inherited) @executable_path/Frameworks";
				PRODUCT_BUNDLE_IDENTIFIER = com.ugh.stratos2;
				PRODUCT_NAME = "$(TARGET_NAME)";
			};
			name = Debug;
		};
		CB01BC0B1CED808700378CF8 /* Release */ = {
			isa = XCBuildConfiguration;
			buildSettings = {
				ASSETCATALOG_COMPILER_APPICON_NAME = AppIcon;
				INFOPLIST_FILE = stratos2/Info.plist;
				LD_RUNPATH_SEARCH_PATHS = "$(inherited) @executable_path/Frameworks";
				PRODUCT_BUNDLE_IDENTIFIER = com.ugh.stratos2;
				PRODUCT_NAME = "$(TARGET_NAME)";
			};
			name = Release;
		};
/* End XCBuildConfiguration section */

/* Begin XCConfigurationList section */
		CB01BBF21CED808700378CF8 /* Build configuration list for PBXProject "stratos2" */ = {
			isa = XCConfigurationList;
			buildConfigurations = (
				CB01BC071CED808700378CF8 /* Debug */,
				CB01BC081CED808700378CF8 /* Release */,
			);
			defaultConfigurationIsVisible = 0;
			defaultConfigurationName = Release;
		};
		CB01BC091CED808700378CF8 /* Build configuration list for PBXNativeTarget "stratos2" */ = {
			isa = XCConfigurationList;
			buildConfigurations = (
				CB01BC0A1CED808700378CF8 /* Debug */,
				CB01BC0B1CED808700378CF8 /* Release */,
			);
			defaultConfigurationIsVisible = 0;
		};
/* End XCConfigurationList section */
	};
	rootObject = CB01BBEF1CED808700378CF8 /* Project object */;
}
